// !$*UTF8*$!
{
	archiveVersion = 1;
	classes = {
	};
	objectVersion = 77;
	objects = {

/* Begin PBXBuildFile section */
		200A86762CA75E86002DA4C3 /* CustomButton.swift in Sources */ = {isa = PBXBuildFile; fileRef = 200A86752CA75E86002DA4C3 /* CustomButton.swift */; };
		200A86792CA76366002DA4C3 /* NotifiTableViewController.swift in Sources */ = {isa = PBXBuildFile; fileRef = 200A86782CA76366002DA4C3 /* NotifiTableViewController.swift */; };
		2038A56A2CB817D10054A537 /* SegmentedControlViewController.swift in Sources */ = {isa = PBXBuildFile; fileRef = 2038A5692CB817D10054A537 /* SegmentedControlViewController.swift */; };
		2045C86A2CB9BBEC0028E10C /* ActionButton.swift in Sources */ = {isa = PBXBuildFile; fileRef = 2045C8692CB9BBEC0028E10C /* ActionButton.swift */; };
		205BCB1D2CC1946800436812 /* PhotoCell.swift in Sources */ = {isa = PBXBuildFile; fileRef = 205BCB1C2CC1946800436812 /* PhotoCell.swift */; };
		205BCB1F2CC1975100436812 /* GallerylPhotoCollViewCell.swift in Sources */ = {isa = PBXBuildFile; fileRef = 205BCB1E2CC1975100436812 /* GallerylPhotoCollViewCell.swift */; };
		205BCB212CC197F100436812 /* TitulPhotoCollViewCell.swift in Sources */ = {isa = PBXBuildFile; fileRef = 205BCB202CC197F100436812 /* TitulPhotoCollViewCell.swift */; };
		20648EAA2CC6A7480043C498 /* WorkingHoursViewController.swift in Sources */ = {isa = PBXBuildFile; fileRef = 20648EA92CC6A7480043C498 /* WorkingHoursViewController.swift */; };
		20648EAC2CC6A7990043C498 /* ScheduleCell.swift in Sources */ = {isa = PBXBuildFile; fileRef = 20648EAB2CC6A7990043C498 /* ScheduleCell.swift */; };
		206B56BB2CAC3CF3000A1835 /* PopUpViewUIView.swift in Sources */ = {isa = PBXBuildFile; fileRef = 206B56BA2CAC3CF3000A1835 /* PopUpViewUIView.swift */; };
		20753C1A2CBDC07F004E2EB5 /* SettingEstablViewController.swift in Sources */ = {isa = PBXBuildFile; fileRef = 20753C192CBDC07F004E2EB5 /* SettingEstablViewController.swift */; };
		20753C1C2CBDC0E6004E2EB5 /* RestauranSettingTableViewCell.swift in Sources */ = {isa = PBXBuildFile; fileRef = 20753C1B2CBDC0E6004E2EB5 /* RestauranSettingTableViewCell.swift */; };
		20753C1E2CBDC17C004E2EB5 /* KitchenTableViewCell.swift in Sources */ = {isa = PBXBuildFile; fileRef = 20753C1D2CBDC17C004E2EB5 /* KitchenTableViewCell.swift */; };
		20753C222CBDC2F7004E2EB5 /* SettingKitchenViewController.swift in Sources */ = {isa = PBXBuildFile; fileRef = 20753C212CBDC2F7004E2EB5 /* SettingKitchenViewController.swift */; };
		2092F2B92CA56970003DB9BD /* TabBarController.swift in Sources */ = {isa = PBXBuildFile; fileRef = 2092F2B82CA56970003DB9BD /* TabBarController.swift */; };
		2092F2BC2CA56E0E003DB9BD /* TablePlacementViewController.swift in Sources */ = {isa = PBXBuildFile; fileRef = 2092F2BB2CA56E0E003DB9BD /* TablePlacementViewController.swift */; };
		2092F2BE2CA56E3C003DB9BD /* TableReservationViewController.swift in Sources */ = {isa = PBXBuildFile; fileRef = 2092F2BD2CA56E3C003DB9BD /* TableReservationViewController.swift */; };
		2092F2C02CA56E60003DB9BD /* OpenTableViewController.swift in Sources */ = {isa = PBXBuildFile; fileRef = 2092F2BF2CA56E60003DB9BD /* OpenTableViewController.swift */; };
		2092F2C22CA56E71003DB9BD /* CloseTableViewController.swift in Sources */ = {isa = PBXBuildFile; fileRef = 2092F2C12CA56E71003DB9BD /* CloseTableViewController.swift */; };
		2092F2C42CA56E87003DB9BD /* MenuTableViewController.swift in Sources */ = {isa = PBXBuildFile; fileRef = 2092F2C32CA56E87003DB9BD /* MenuTableViewController.swift */; };
		209C43C82CA9B5C0007397BC /* NotificationViewController.swift in Sources */ = {isa = PBXBuildFile; fileRef = 209C43C72CA9B5C0007397BC /* NotificationViewController.swift */; };
		209C43CD2CA9F568007397BC /* NotifElemUIView.swift in Sources */ = {isa = PBXBuildFile; fileRef = 209C43CC2CA9F568007397BC /* NotifElemUIView.swift */; };
		20B325E92CA5A6A8000A731B /* AvatarView.swift in Sources */ = {isa = PBXBuildFile; fileRef = 20B325E82CA5A6A8000A731B /* AvatarView.swift */; };
		20E9033C2CB9D471009A1DD6 /* SettingEstablishmentViewController.swift in Sources */ = {isa = PBXBuildFile; fileRef = 20E9033B2CB9D471009A1DD6 /* SettingEstablishmentViewController.swift */; };
		20FCBBEE2CAB448A004F98A1 /* ClickedSelectedEstablishmentUIView.swift in Sources */ = {isa = PBXBuildFile; fileRef = 20FCBBED2CAB448A004F98A1 /* ClickedSelectedEstablishmentUIView.swift */; };
/* End PBXBuildFile section */

/* Begin PBXContainerItemProxy section */
		2092F2872CA5369C003DB9BD /* PBXContainerItemProxy */ = {
			isa = PBXContainerItemProxy;
			containerPortal = 2092F2682CA5369A003DB9BD /* Project object */;
			proxyType = 1;
			remoteGlobalIDString = 2092F26F2CA5369A003DB9BD;
			remoteInfo = "QuickTableReservation(FastTable)";
		};
		2092F2912CA5369C003DB9BD /* PBXContainerItemProxy */ = {
			isa = PBXContainerItemProxy;
			containerPortal = 2092F2682CA5369A003DB9BD /* Project object */;
			proxyType = 1;
			remoteGlobalIDString = 2092F26F2CA5369A003DB9BD;
			remoteInfo = "QuickTableReservation(FastTable)";
		};
/* End PBXContainerItemProxy section */

/* Begin PBXFileReference section */
		200A86752CA75E86002DA4C3 /* CustomButton.swift */ = {isa = PBXFileReference; lastKnownFileType = sourcecode.swift; path = CustomButton.swift; sourceTree = "<group>"; };
		200A86782CA76366002DA4C3 /* NotifiTableViewController.swift */ = {isa = PBXFileReference; lastKnownFileType = sourcecode.swift; path = NotifiTableViewController.swift; sourceTree = "<group>"; };
		2038A5692CB817D10054A537 /* SegmentedControlViewController.swift */ = {isa = PBXFileReference; lastKnownFileType = sourcecode.swift; path = SegmentedControlViewController.swift; sourceTree = "<group>"; };
		2045C8692CB9BBEC0028E10C /* ActionButton.swift */ = {isa = PBXFileReference; lastKnownFileType = sourcecode.swift; path = ActionButton.swift; sourceTree = "<group>"; };
		205BCB1C2CC1946800436812 /* PhotoCell.swift */ = {isa = PBXFileReference; lastKnownFileType = sourcecode.swift; path = PhotoCell.swift; sourceTree = "<group>"; };
		205BCB1E2CC1975100436812 /* GallerylPhotoCollViewCell.swift */ = {isa = PBXFileReference; lastKnownFileType = sourcecode.swift; path = GallerylPhotoCollViewCell.swift; sourceTree = "<group>"; };
		205BCB202CC197F100436812 /* TitulPhotoCollViewCell.swift */ = {isa = PBXFileReference; lastKnownFileType = sourcecode.swift; path = TitulPhotoCollViewCell.swift; sourceTree = "<group>"; };
		20648EA92CC6A7480043C498 /* WorkingHoursViewController.swift */ = {isa = PBXFileReference; lastKnownFileType = sourcecode.swift; path = WorkingHoursViewController.swift; sourceTree = "<group>"; };
		20648EAB2CC6A7990043C498 /* ScheduleCell.swift */ = {isa = PBXFileReference; lastKnownFileType = sourcecode.swift; path = ScheduleCell.swift; sourceTree = "<group>"; };
		206B56BA2CAC3CF3000A1835 /* PopUpViewUIView.swift */ = {isa = PBXFileReference; lastKnownFileType = sourcecode.swift; path = PopUpViewUIView.swift; sourceTree = "<group>"; };
		20753C192CBDC07F004E2EB5 /* SettingEstablViewController.swift */ = {isa = PBXFileReference; lastKnownFileType = sourcecode.swift; path = SettingEstablViewController.swift; sourceTree = "<group>"; };
		20753C1B2CBDC0E6004E2EB5 /* RestauranSettingTableViewCell.swift */ = {isa = PBXFileReference; lastKnownFileType = sourcecode.swift; path = RestauranSettingTableViewCell.swift; sourceTree = "<group>"; };
		20753C1D2CBDC17C004E2EB5 /* KitchenTableViewCell.swift */ = {isa = PBXFileReference; lastKnownFileType = sourcecode.swift; path = KitchenTableViewCell.swift; sourceTree = "<group>"; };
		20753C212CBDC2F7004E2EB5 /* SettingKitchenViewController.swift */ = {isa = PBXFileReference; lastKnownFileType = sourcecode.swift; path = SettingKitchenViewController.swift; sourceTree = "<group>"; };
		2092F2702CA5369A003DB9BD /* QuickTableReservation(FastTable).app */ = {isa = PBXFileReference; explicitFileType = wrapper.application; includeInIndex = 0; path = "QuickTableReservation(FastTable).app"; sourceTree = BUILT_PRODUCTS_DIR; };
		2092F2862CA5369C003DB9BD /* QuickTableReservation(FastTable)Tests.xctest */ = {isa = PBXFileReference; explicitFileType = wrapper.cfbundle; includeInIndex = 0; path = "QuickTableReservation(FastTable)Tests.xctest"; sourceTree = BUILT_PRODUCTS_DIR; };
		2092F2902CA5369C003DB9BD /* QuickTableReservation(FastTable)UITests.xctest */ = {isa = PBXFileReference; explicitFileType = wrapper.cfbundle; includeInIndex = 0; path = "QuickTableReservation(FastTable)UITests.xctest"; sourceTree = BUILT_PRODUCTS_DIR; };
		2092F2B82CA56970003DB9BD /* TabBarController.swift */ = {isa = PBXFileReference; lastKnownFileType = sourcecode.swift; path = TabBarController.swift; sourceTree = "<group>"; };
		2092F2BB2CA56E0E003DB9BD /* TablePlacementViewController.swift */ = {isa = PBXFileReference; lastKnownFileType = sourcecode.swift; path = TablePlacementViewController.swift; sourceTree = "<group>"; };
		2092F2BD2CA56E3C003DB9BD /* TableReservationViewController.swift */ = {isa = PBXFileReference; lastKnownFileType = sourcecode.swift; path = TableReservationViewController.swift; sourceTree = "<group>"; };
		2092F2BF2CA56E60003DB9BD /* OpenTableViewController.swift */ = {isa = PBXFileReference; lastKnownFileType = sourcecode.swift; path = OpenTableViewController.swift; sourceTree = "<group>"; };
		2092F2C12CA56E71003DB9BD /* CloseTableViewController.swift */ = {isa = PBXFileReference; lastKnownFileType = sourcecode.swift; path = CloseTableViewController.swift; sourceTree = "<group>"; };
		2092F2C32CA56E87003DB9BD /* MenuTableViewController.swift */ = {isa = PBXFileReference; lastKnownFileType = sourcecode.swift; path = MenuTableViewController.swift; sourceTree = "<group>"; };
		209C43C72CA9B5C0007397BC /* NotificationViewController.swift */ = {isa = PBXFileReference; lastKnownFileType = sourcecode.swift; path = NotificationViewController.swift; sourceTree = "<group>"; };
		209C43CC2CA9F568007397BC /* NotifElemUIView.swift */ = {isa = PBXFileReference; lastKnownFileType = sourcecode.swift; path = NotifElemUIView.swift; sourceTree = "<group>"; };
		20B325E82CA5A6A8000A731B /* AvatarView.swift */ = {isa = PBXFileReference; lastKnownFileType = sourcecode.swift; path = AvatarView.swift; sourceTree = "<group>"; };
		20E9033B2CB9D471009A1DD6 /* SettingEstablishmentViewController.swift */ = {isa = PBXFileReference; lastKnownFileType = sourcecode.swift; path = SettingEstablishmentViewController.swift; sourceTree = "<group>"; };
		20FCBBED2CAB448A004F98A1 /* ClickedSelectedEstablishmentUIView.swift */ = {isa = PBXFileReference; lastKnownFileType = sourcecode.swift; path = ClickedSelectedEstablishmentUIView.swift; sourceTree = "<group>"; };
/* End PBXFileReference section */

/* Begin PBXFileSystemSynchronizedBuildFileExceptionSet section */
		2092F2982CA5369C003DB9BD /* Exceptions for "QuickTableReservation(FastTable)" folder in "QuickTableReservation(FastTable)" target */ = {
			isa = PBXFileSystemSynchronizedBuildFileExceptionSet;
			membershipExceptions = (
				Info.plist,
			);
			target = 2092F26F2CA5369A003DB9BD /* QuickTableReservation(FastTable) */;
		};
/* End PBXFileSystemSynchronizedBuildFileExceptionSet section */

/* Begin PBXFileSystemSynchronizedRootGroup section */
		2092F2722CA5369A003DB9BD /* QuickTableReservation(FastTable) */ = {
			isa = PBXFileSystemSynchronizedRootGroup;
			exceptions = (
				2092F2982CA5369C003DB9BD /* Exceptions for "QuickTableReservation(FastTable)" folder in "QuickTableReservation(FastTable)" target */,
			);
			path = "QuickTableReservation(FastTable)";
			sourceTree = "<group>";
		};
		2092F2892CA5369C003DB9BD /* QuickTableReservation(FastTable)Tests */ = {
			isa = PBXFileSystemSynchronizedRootGroup;
			path = "QuickTableReservation(FastTable)Tests";
			sourceTree = "<group>";
		};
		2092F2932CA5369C003DB9BD /* QuickTableReservation(FastTable)UITests */ = {
			isa = PBXFileSystemSynchronizedRootGroup;
			path = "QuickTableReservation(FastTable)UITests";
			sourceTree = "<group>";
		};
/* End PBXFileSystemSynchronizedRootGroup section */

/* Begin PBXFrameworksBuildPhase section */
		2092F26D2CA5369A003DB9BD /* Frameworks */ = {
			isa = PBXFrameworksBuildPhase;
			buildActionMask = 2147483647;
			files = (
			);
			runOnlyForDeploymentPostprocessing = 0;
		};
		2092F2832CA5369C003DB9BD /* Frameworks */ = {
			isa = PBXFrameworksBuildPhase;
			buildActionMask = 2147483647;
			files = (
			);
			runOnlyForDeploymentPostprocessing = 0;
		};
		2092F28D2CA5369C003DB9BD /* Frameworks */ = {
			isa = PBXFrameworksBuildPhase;
			buildActionMask = 2147483647;
			files = (
			);
			runOnlyForDeploymentPostprocessing = 0;
		};
/* End PBXFrameworksBuildPhase section */

/* Begin PBXGroup section */
		200A86772CA76254002DA4C3 /* TableViewControllers */ = {
			isa = PBXGroup;
			children = (
				200A86782CA76366002DA4C3 /* NotifiTableViewController.swift */,
			);
			path = TableViewControllers;
			sourceTree = "<group>";
		};
		2021FE2A2CAC898F00A01BA3 /* CustomButton */ = {
			isa = PBXGroup;
			children = (
				200A86752CA75E86002DA4C3 /* CustomButton.swift */,
			);
			path = CustomButton;
			sourceTree = "<group>";
		};
		2044ABC12CC4782B00310289 /* ContrSettingViewCell */ = {
			isa = PBXGroup;
			children = (
				205BCB1C2CC1946800436812 /* PhotoCell.swift */,
			);
			path = ContrSettingViewCell;
			sourceTree = "<group>";
		};
		2045C8512CB9BA260028E10C /* FlingActionButton */ = {
			isa = PBXGroup;
			children = (
				2045C8692CB9BBEC0028E10C /* ActionButton.swift */,
			);
			path = FlingActionButton;
			sourceTree = "<group>";
		};
		20648EA82CC6A6F10043C498 /* WorkingHoursSetting */ = {
			isa = PBXGroup;
			children = (
				20648EA92CC6A7480043C498 /* WorkingHoursViewController.swift */,
				20648EAB2CC6A7990043C498 /* ScheduleCell.swift */,
			);
			path = WorkingHoursSetting;
			sourceTree = "<group>";
		};
		20753C182CBDBFBF004E2EB5 /* SettingEstablisTableViewCell */ = {
			isa = PBXGroup;
			children = (
				20753C192CBDC07F004E2EB5 /* SettingEstablViewController.swift */,
				20753C212CBDC2F7004E2EB5 /* SettingKitchenViewController.swift */,
			);
			path = SettingEstablisTableViewCell;
			sourceTree = "<group>";
		};
		20753C1F2CBDC19F004E2EB5 /* ViewControllersSetting */ = {
			isa = PBXGroup;
			children = (
				20E9033B2CB9D471009A1DD6 /* SettingEstablishmentViewController.swift */,
			);
			path = ViewControllersSetting;
			sourceTree = "<group>";
		};
		20753C202CBDC1B8004E2EB5 /* ViewContrSettingCellCell */ = {
			isa = PBXGroup;
			children = (
				20753C1B2CBDC0E6004E2EB5 /* RestauranSettingTableViewCell.swift */,
				20753C1D2CBDC17C004E2EB5 /* KitchenTableViewCell.swift */,
				205BCB202CC197F100436812 /* TitulPhotoCollViewCell.swift */,
				205BCB1E2CC1975100436812 /* GallerylPhotoCollViewCell.swift */,
			);
			path = ViewContrSettingCellCell;
			sourceTree = "<group>";
		};
		2092F2672CA5369A003DB9BD = {
			isa = PBXGroup;
			children = (
				20E903382CB9CFF7009A1DD6 /* MenuTableVCFiles */,
				20E9033A2CB9D3FB009A1DD6 /* SettingUpAnEstablishment */,
				20648EA82CC6A6F10043C498 /* WorkingHoursSetting */,
				2092F2BA2CA5698B003DB9BD /* ViewControllers */,
				2092F2B72CA56933003DB9BD /* TabBarController */,
				2092F2722CA5369A003DB9BD /* QuickTableReservation(FastTable) */,
				2092F2892CA5369C003DB9BD /* QuickTableReservation(FastTable)Tests */,
				2092F2932CA5369C003DB9BD /* QuickTableReservation(FastTable)UITests */,
				2092F2712CA5369A003DB9BD /* Products */,
			);
			sourceTree = "<group>";
		};
		2092F2712CA5369A003DB9BD /* Products */ = {
			isa = PBXGroup;
			children = (
				2092F2702CA5369A003DB9BD /* QuickTableReservation(FastTable).app */,
				2092F2862CA5369C003DB9BD /* QuickTableReservation(FastTable)Tests.xctest */,
				2092F2902CA5369C003DB9BD /* QuickTableReservation(FastTable)UITests.xctest */,
			);
			name = Products;
			sourceTree = "<group>";
		};
		2092F2B72CA56933003DB9BD /* TabBarController */ = {
			isa = PBXGroup;
			children = (
				2038A5692CB817D10054A537 /* SegmentedControlViewController.swift */,
				2092F2B82CA56970003DB9BD /* TabBarController.swift */,
			);
			path = TabBarController;
			sourceTree = "<group>";
		};
		2092F2BA2CA5698B003DB9BD /* ViewControllers */ = {
			isa = PBXGroup;
			children = (
				2092F2BB2CA56E0E003DB9BD /* TablePlacementViewController.swift */,
				2092F2BD2CA56E3C003DB9BD /* TableReservationViewController.swift */,
				2092F2BF2CA56E60003DB9BD /* OpenTableViewController.swift */,
				2092F2C12CA56E71003DB9BD /* CloseTableViewController.swift */,
				2092F2C32CA56E87003DB9BD /* MenuTableViewController.swift */,
			);
			path = ViewControllers;
			sourceTree = "<group>";
		};
		209C43C92CA9B665007397BC /* Controllers */ = {
			isa = PBXGroup;
			children = (
				209C43C72CA9B5C0007397BC /* NotificationViewController.swift */,
			);
			path = Controllers;
			sourceTree = "<group>";
		};
		20E2C6FA2CA60AA700C863FB /* UIView */ = {
			isa = PBXGroup;
			children = (
				20E903392CB9D0FE009A1DD6 /* TableViewCell */,
				2021FE2A2CAC898F00A01BA3 /* CustomButton */,
				20B325E82CA5A6A8000A731B /* AvatarView.swift */,
				20FCBBED2CAB448A004F98A1 /* ClickedSelectedEstablishmentUIView.swift */,
			);
			path = UIView;
			sourceTree = "<group>";
		};
		20E903382CB9CFF7009A1DD6 /* MenuTableVCFiles */ = {
			isa = PBXGroup;
			children = (
				2045C8512CB9BA260028E10C /* FlingActionButton */,
				209C43C92CA9B665007397BC /* Controllers */,
				200A86772CA76254002DA4C3 /* TableViewControllers */,
				20E2C6FA2CA60AA700C863FB /* UIView */,
			);
			path = MenuTableVCFiles;
			sourceTree = "<group>";
		};
		20E903392CB9D0FE009A1DD6 /* TableViewCell */ = {
			isa = PBXGroup;
			children = (
				209C43CC2CA9F568007397BC /* NotifElemUIView.swift */,
				206B56BA2CAC3CF3000A1835 /* PopUpViewUIView.swift */,
			);
			path = TableViewCell;
			sourceTree = "<group>";
		};
		20E9033A2CB9D3FB009A1DD6 /* SettingUpAnEstablishment */ = {
			isa = PBXGroup;
			children = (
				20753C202CBDC1B8004E2EB5 /* ViewContrSettingCellCell */,
				20753C182CBDBFBF004E2EB5 /* SettingEstablisTableViewCell */,
				20753C1F2CBDC19F004E2EB5 /* ViewControllersSetting */,
				2044ABC12CC4782B00310289 /* ContrSettingViewCell */,
			);
			path = SettingUpAnEstablishment;
			sourceTree = "<group>";
		};
/* End PBXGroup section */

/* Begin PBXNativeTarget section */
		2092F26F2CA5369A003DB9BD /* QuickTableReservation(FastTable) */ = {
			isa = PBXNativeTarget;
			buildConfigurationList = 2092F2992CA5369C003DB9BD /* Build configuration list for PBXNativeTarget "QuickTableReservation(FastTable)" */;
			buildPhases = (
				2092F26C2CA5369A003DB9BD /* Sources */,
				2092F26D2CA5369A003DB9BD /* Frameworks */,
				2092F26E2CA5369A003DB9BD /* Resources */,
			);
			buildRules = (
			);
			dependencies = (
			);
			fileSystemSynchronizedGroups = (
				2092F2722CA5369A003DB9BD /* QuickTableReservation(FastTable) */,
			);
			name = "QuickTableReservation(FastTable)";
			packageProductDependencies = (
			);
			productName = "QuickTableReservation(FastTable)";
			productReference = 2092F2702CA5369A003DB9BD /* QuickTableReservation(FastTable).app */;
			productType = "com.apple.product-type.application";
		};
		2092F2852CA5369C003DB9BD /* QuickTableReservation(FastTable)Tests */ = {
			isa = PBXNativeTarget;
			buildConfigurationList = 2092F29E2CA5369C003DB9BD /* Build configuration list for PBXNativeTarget "QuickTableReservation(FastTable)Tests" */;
			buildPhases = (
				2092F2822CA5369C003DB9BD /* Sources */,
				2092F2832CA5369C003DB9BD /* Frameworks */,
				2092F2842CA5369C003DB9BD /* Resources */,
			);
			buildRules = (
			);
			dependencies = (
				2092F2882CA5369C003DB9BD /* PBXTargetDependency */,
			);
			fileSystemSynchronizedGroups = (
				2092F2892CA5369C003DB9BD /* QuickTableReservation(FastTable)Tests */,
			);
			name = "QuickTableReservation(FastTable)Tests";
			packageProductDependencies = (
			);
			productName = "QuickTableReservation(FastTable)Tests";
			productReference = 2092F2862CA5369C003DB9BD /* QuickTableReservation(FastTable)Tests.xctest */;
			productType = "com.apple.product-type.bundle.unit-test";
		};
		2092F28F2CA5369C003DB9BD /* QuickTableReservation(FastTable)UITests */ = {
			isa = PBXNativeTarget;
			buildConfigurationList = 2092F2A12CA5369C003DB9BD /* Build configuration list for PBXNativeTarget "QuickTableReservation(FastTable)UITests" */;
			buildPhases = (
				2092F28C2CA5369C003DB9BD /* Sources */,
				2092F28D2CA5369C003DB9BD /* Frameworks */,
				2092F28E2CA5369C003DB9BD /* Resources */,
			);
			buildRules = (
			);
			dependencies = (
				2092F2922CA5369C003DB9BD /* PBXTargetDependency */,
			);
			fileSystemSynchronizedGroups = (
				2092F2932CA5369C003DB9BD /* QuickTableReservation(FastTable)UITests */,
			);
			name = "QuickTableReservation(FastTable)UITests";
			packageProductDependencies = (
			);
			productName = "QuickTableReservation(FastTable)UITests";
			productReference = 2092F2902CA5369C003DB9BD /* QuickTableReservation(FastTable)UITests.xctest */;
			productType = "com.apple.product-type.bundle.ui-testing";
		};
/* End PBXNativeTarget section */

/* Begin PBXProject section */
		2092F2682CA5369A003DB9BD /* Project object */ = {
			isa = PBXProject;
			attributes = {
				BuildIndependentTargetsInParallel = 1;
				LastSwiftUpdateCheck = 1600;
				LastUpgradeCheck = 1600;
				TargetAttributes = {
					2092F26F2CA5369A003DB9BD = {
						CreatedOnToolsVersion = 16.0;
					};
					2092F2852CA5369C003DB9BD = {
						CreatedOnToolsVersion = 16.0;
						TestTargetID = 2092F26F2CA5369A003DB9BD;
					};
					2092F28F2CA5369C003DB9BD = {
						CreatedOnToolsVersion = 16.0;
						TestTargetID = 2092F26F2CA5369A003DB9BD;
					};
				};
			};
			buildConfigurationList = 2092F26B2CA5369A003DB9BD /* Build configuration list for PBXProject "QuickTableReservation(FastTable)" */;
			developmentRegion = en;
			hasScannedForEncodings = 0;
			knownRegions = (
				en,
				Base,
			);
			mainGroup = 2092F2672CA5369A003DB9BD;
			minimizedProjectReferenceProxies = 1;
			packageReferences = (
				2045C8502CB9B7990028E10C /* XCRemoteSwiftPackageReference "TGFlingActionButton" */,
				2045C8522CB9BA6C0028E10C /* XCRemoteSwiftPackageReference "NVActivityIndicatorView" */,
			);
			preferredProjectObjectVersion = 77;
			productRefGroup = 2092F2712CA5369A003DB9BD /* Products */;
			projectDirPath = "";
			projectRoot = "";
			targets = (
				2092F26F2CA5369A003DB9BD /* QuickTableReservation(FastTable) */,
				2092F2852CA5369C003DB9BD /* QuickTableReservation(FastTable)Tests */,
				2092F28F2CA5369C003DB9BD /* QuickTableReservation(FastTable)UITests */,
			);
		};
/* End PBXProject section */

/* Begin PBXResourcesBuildPhase section */
		2092F26E2CA5369A003DB9BD /* Resources */ = {
			isa = PBXResourcesBuildPhase;
			buildActionMask = 2147483647;
			files = (
			);
			runOnlyForDeploymentPostprocessing = 0;
		};
		2092F2842CA5369C003DB9BD /* Resources */ = {
			isa = PBXResourcesBuildPhase;
			buildActionMask = 2147483647;
			files = (
			);
			runOnlyForDeploymentPostprocessing = 0;
		};
		2092F28E2CA5369C003DB9BD /* Resources */ = {
			isa = PBXResourcesBuildPhase;
			buildActionMask = 2147483647;
			files = (
			);
			runOnlyForDeploymentPostprocessing = 0;
		};
/* End PBXResourcesBuildPhase section */

/* Begin PBXSourcesBuildPhase section */
		2092F26C2CA5369A003DB9BD /* Sources */ = {
			isa = PBXSourcesBuildPhase;
			buildActionMask = 2147483647;
			files = (
				205BCB212CC197F100436812 /* TitulPhotoCollViewCell.swift in Sources */,
				205BCB1F2CC1975100436812 /* GallerylPhotoCollViewCell.swift in Sources */,
				2092F2BE2CA56E3C003DB9BD /* TableReservationViewController.swift in Sources */,
				2092F2B92CA56970003DB9BD /* TabBarController.swift in Sources */,
				209C43CD2CA9F568007397BC /* NotifElemUIView.swift in Sources */,
				20753C1C2CBDC0E6004E2EB5 /* RestauranSettingTableViewCell.swift in Sources */,
				209C43C82CA9B5C0007397BC /* NotificationViewController.swift in Sources */,
				20648EAC2CC6A7990043C498 /* ScheduleCell.swift in Sources */,
				2092F2C02CA56E60003DB9BD /* OpenTableViewController.swift in Sources */,
				20753C222CBDC2F7004E2EB5 /* SettingKitchenViewController.swift in Sources */,
				20B325E92CA5A6A8000A731B /* AvatarView.swift in Sources */,
				20648EAA2CC6A7480043C498 /* WorkingHoursViewController.swift in Sources */,
				200A86762CA75E86002DA4C3 /* CustomButton.swift in Sources */,
				20E9033C2CB9D471009A1DD6 /* SettingEstablishmentViewController.swift in Sources */,
				20753C1E2CBDC17C004E2EB5 /* KitchenTableViewCell.swift in Sources */,
				2045C86A2CB9BBEC0028E10C /* ActionButton.swift in Sources */,
				20753C1A2CBDC07F004E2EB5 /* SettingEstablViewController.swift in Sources */,
				206B56BB2CAC3CF3000A1835 /* PopUpViewUIView.swift in Sources */,
				2092F2C42CA56E87003DB9BD /* MenuTableViewController.swift in Sources */,
				2038A56A2CB817D10054A537 /* SegmentedControlViewController.swift in Sources */,
				205BCB1D2CC1946800436812 /* PhotoCell.swift in Sources */,
				200A86792CA76366002DA4C3 /* NotifiTableViewController.swift in Sources */,
				2092F2BC2CA56E0E003DB9BD /* TablePlacementViewController.swift in Sources */,
				2092F2C22CA56E71003DB9BD /* CloseTableViewController.swift in Sources */,
				20FCBBEE2CAB448A004F98A1 /* ClickedSelectedEstablishmentUIView.swift in Sources */,
			);
			runOnlyForDeploymentPostprocessing = 0;
		};
		2092F2822CA5369C003DB9BD /* Sources */ = {
			isa = PBXSourcesBuildPhase;
			buildActionMask = 2147483647;
			files = (
			);
			runOnlyForDeploymentPostprocessing = 0;
		};
		2092F28C2CA5369C003DB9BD /* Sources */ = {
			isa = PBXSourcesBuildPhase;
			buildActionMask = 2147483647;
			files = (
			);
			runOnlyForDeploymentPostprocessing = 0;
		};
/* End PBXSourcesBuildPhase section */

/* Begin PBXTargetDependency section */
		2092F2882CA5369C003DB9BD /* PBXTargetDependency */ = {
			isa = PBXTargetDependency;
			target = 2092F26F2CA5369A003DB9BD /* QuickTableReservation(FastTable) */;
			targetProxy = 2092F2872CA5369C003DB9BD /* PBXContainerItemProxy */;
		};
		2092F2922CA5369C003DB9BD /* PBXTargetDependency */ = {
			isa = PBXTargetDependency;
			target = 2092F26F2CA5369A003DB9BD /* QuickTableReservation(FastTable) */;
			targetProxy = 2092F2912CA5369C003DB9BD /* PBXContainerItemProxy */;
		};
/* End PBXTargetDependency section */

/* Begin XCBuildConfiguration section */
		2092F29A2CA5369C003DB9BD /* Debug */ = {
			isa = XCBuildConfiguration;
			buildSettings = {
				ASSETCATALOG_COMPILER_APPICON_NAME = AppIcon;
				ASSETCATALOG_COMPILER_GLOBAL_ACCENT_COLOR_NAME = AccentColor;
				CODE_SIGN_STYLE = Automatic;
				CURRENT_PROJECT_VERSION = 1;
				DEVELOPMENT_TEAM = W2P9X4349P;
				GENERATE_INFOPLIST_FILE = YES;
				INFOPLIST_FILE = "QuickTableReservation(FastTable)/Info.plist";
				INFOPLIST_KEY_UIApplicationSupportsIndirectInputEvents = YES;
				INFOPLIST_KEY_UILaunchStoryboardName = LaunchScreen;
				INFOPLIST_KEY_UISupportedInterfaceOrientations_iPad = "UIInterfaceOrientationPortrait UIInterfaceOrientationPortraitUpsideDown UIInterfaceOrientationLandscapeLeft UIInterfaceOrientationLandscapeRight";
				INFOPLIST_KEY_UISupportedInterfaceOrientations_iPhone = "UIInterfaceOrientationPortrait UIInterfaceOrientationLandscapeLeft UIInterfaceOrientationLandscapeRight";
				LD_RUNPATH_SEARCH_PATHS = (
					"$(inherited)",
					"@executable_path/Frameworks",
				);
				MARKETING_VERSION = 1.0;
				PRODUCT_BUNDLE_IDENTIFIER = "-.0.QuickTableReservation-FastTable-";
				PRODUCT_NAME = "$(TARGET_NAME)";
				SUPPORTED_PLATFORMS = "iphoneos iphonesimulator";
				SUPPORTS_MACCATALYST = NO;
				SUPPORTS_MAC_DESIGNED_FOR_IPHONE_IPAD = NO;
				SUPPORTS_XR_DESIGNED_FOR_IPHONE_IPAD = NO;
				SWIFT_EMIT_LOC_STRINGS = YES;
				SWIFT_VERSION = 5.0;
				TARGETED_DEVICE_FAMILY = "1,2";
			};
			name = Debug;
		};
		2092F29B2CA5369C003DB9BD /* Release */ = {
			isa = XCBuildConfiguration;
			buildSettings = {
				ASSETCATALOG_COMPILER_APPICON_NAME = AppIcon;
				ASSETCATALOG_COMPILER_GLOBAL_ACCENT_COLOR_NAME = AccentColor;
				CODE_SIGN_STYLE = Automatic;
				CURRENT_PROJECT_VERSION = 1;
				DEVELOPMENT_TEAM = W2P9X4349P;
				GENERATE_INFOPLIST_FILE = YES;
				INFOPLIST_FILE = "QuickTableReservation(FastTable)/Info.plist";
				INFOPLIST_KEY_UIApplicationSupportsIndirectInputEvents = YES;
				INFOPLIST_KEY_UILaunchStoryboardName = LaunchScreen;
				INFOPLIST_KEY_UISupportedInterfaceOrientations_iPad = "UIInterfaceOrientationPortrait UIInterfaceOrientationPortraitUpsideDown UIInterfaceOrientationLandscapeLeft UIInterfaceOrientationLandscapeRight";
				INFOPLIST_KEY_UISupportedInterfaceOrientations_iPhone = "UIInterfaceOrientationPortrait UIInterfaceOrientationLandscapeLeft UIInterfaceOrientationLandscapeRight";
				LD_RUNPATH_SEARCH_PATHS = (
					"$(inherited)",
					"@executable_path/Frameworks",
				);
				MARKETING_VERSION = 1.0;
				PRODUCT_BUNDLE_IDENTIFIER = "-.0.QuickTableReservation-FastTable-";
				PRODUCT_NAME = "$(TARGET_NAME)";
				SUPPORTED_PLATFORMS = "iphoneos iphonesimulator";
				SUPPORTS_MACCATALYST = NO;
				SUPPORTS_MAC_DESIGNED_FOR_IPHONE_IPAD = NO;
				SUPPORTS_XR_DESIGNED_FOR_IPHONE_IPAD = NO;
				SWIFT_EMIT_LOC_STRINGS = YES;
				SWIFT_VERSION = 5.0;
				TARGETED_DEVICE_FAMILY = "1,2";
			};
			name = Release;
		};
		2092F29C2CA5369C003DB9BD /* Debug */ = {
			isa = XCBuildConfiguration;
			buildSettings = {
				ALWAYS_SEARCH_USER_PATHS = NO;
				ASSETCATALOG_COMPILER_GENERATE_SWIFT_ASSET_SYMBOL_EXTENSIONS = YES;
				CLANG_ANALYZER_NONNULL = YES;
				CLANG_ANALYZER_NUMBER_OBJECT_CONVERSION = YES_AGGRESSIVE;
				CLANG_CXX_LANGUAGE_STANDARD = "gnu++20";
				CLANG_ENABLE_MODULES = YES;
				CLANG_ENABLE_OBJC_ARC = YES;
				CLANG_ENABLE_OBJC_WEAK = YES;
				CLANG_WARN_BLOCK_CAPTURE_AUTORELEASING = YES;
				CLANG_WARN_BOOL_CONVERSION = YES;
				CLANG_WARN_COMMA = YES;
				CLANG_WARN_CONSTANT_CONVERSION = YES;
				CLANG_WARN_DEPRECATED_OBJC_IMPLEMENTATIONS = YES;
				CLANG_WARN_DIRECT_OBJC_ISA_USAGE = YES_ERROR;
				CLANG_WARN_DOCUMENTATION_COMMENTS = YES;
				CLANG_WARN_EMPTY_BODY = YES;
				CLANG_WARN_ENUM_CONVERSION = YES;
				CLANG_WARN_INFINITE_RECURSION = YES;
				CLANG_WARN_INT_CONVERSION = YES;
				CLANG_WARN_NON_LITERAL_NULL_CONVERSION = YES;
				CLANG_WARN_OBJC_IMPLICIT_RETAIN_SELF = YES;
				CLANG_WARN_OBJC_LITERAL_CONVERSION = YES;
				CLANG_WARN_OBJC_ROOT_CLASS = YES_ERROR;
				CLANG_WARN_QUOTED_INCLUDE_IN_FRAMEWORK_HEADER = YES;
				CLANG_WARN_RANGE_LOOP_ANALYSIS = YES;
				CLANG_WARN_STRICT_PROTOTYPES = YES;
				CLANG_WARN_SUSPICIOUS_MOVE = YES;
				CLANG_WARN_UNGUARDED_AVAILABILITY = YES_AGGRESSIVE;
				CLANG_WARN_UNREACHABLE_CODE = YES;
				CLANG_WARN__DUPLICATE_METHOD_MATCH = YES;
				COPY_PHASE_STRIP = NO;
				DEBUG_INFORMATION_FORMAT = dwarf;
				ENABLE_STRICT_OBJC_MSGSEND = YES;
				ENABLE_TESTABILITY = YES;
				ENABLE_USER_SCRIPT_SANDBOXING = YES;
				GCC_C_LANGUAGE_STANDARD = gnu17;
				GCC_DYNAMIC_NO_PIC = NO;
				GCC_NO_COMMON_BLOCKS = YES;
				GCC_OPTIMIZATION_LEVEL = 0;
				GCC_PREPROCESSOR_DEFINITIONS = (
					"DEBUG=1",
					"$(inherited)",
				);
				GCC_WARN_64_TO_32_BIT_CONVERSION = YES;
				GCC_WARN_ABOUT_RETURN_TYPE = YES_ERROR;
				GCC_WARN_UNDECLARED_SELECTOR = YES;
				GCC_WARN_UNINITIALIZED_AUTOS = YES_AGGRESSIVE;
				GCC_WARN_UNUSED_FUNCTION = YES;
				GCC_WARN_UNUSED_VARIABLE = YES;
				IPHONEOS_DEPLOYMENT_TARGET = 18.0;
				LOCALIZATION_PREFERS_STRING_CATALOGS = YES;
				MTL_ENABLE_DEBUG_INFO = INCLUDE_SOURCE;
				MTL_FAST_MATH = YES;
				ONLY_ACTIVE_ARCH = YES;
				SDKROOT = iphoneos;
				SWIFT_ACTIVE_COMPILATION_CONDITIONS = "DEBUG $(inherited)";
				SWIFT_OPTIMIZATION_LEVEL = "-Onone";
			};
			name = Debug;
		};
		2092F29D2CA5369C003DB9BD /* Release */ = {
			isa = XCBuildConfiguration;
			buildSettings = {
				ALWAYS_SEARCH_USER_PATHS = NO;
				ASSETCATALOG_COMPILER_GENERATE_SWIFT_ASSET_SYMBOL_EXTENSIONS = YES;
				CLANG_ANALYZER_NONNULL = YES;
				CLANG_ANALYZER_NUMBER_OBJECT_CONVERSION = YES_AGGRESSIVE;
				CLANG_CXX_LANGUAGE_STANDARD = "gnu++20";
				CLANG_ENABLE_MODULES = YES;
				CLANG_ENABLE_OBJC_ARC = YES;
				CLANG_ENABLE_OBJC_WEAK = YES;
				CLANG_WARN_BLOCK_CAPTURE_AUTORELEASING = YES;
				CLANG_WARN_BOOL_CONVERSION = YES;
				CLANG_WARN_COMMA = YES;
				CLANG_WARN_CONSTANT_CONVERSION = YES;
				CLANG_WARN_DEPRECATED_OBJC_IMPLEMENTATIONS = YES;
				CLANG_WARN_DIRECT_OBJC_ISA_USAGE = YES_ERROR;
				CLANG_WARN_DOCUMENTATION_COMMENTS = YES;
				CLANG_WARN_EMPTY_BODY = YES;
				CLANG_WARN_ENUM_CONVERSION = YES;
				CLANG_WARN_INFINITE_RECURSION = YES;
				CLANG_WARN_INT_CONVERSION = YES;
				CLANG_WARN_NON_LITERAL_NULL_CONVERSION = YES;
				CLANG_WARN_OBJC_IMPLICIT_RETAIN_SELF = YES;
				CLANG_WARN_OBJC_LITERAL_CONVERSION = YES;
				CLANG_WARN_OBJC_ROOT_CLASS = YES_ERROR;
				CLANG_WARN_QUOTED_INCLUDE_IN_FRAMEWORK_HEADER = YES;
				CLANG_WARN_RANGE_LOOP_ANALYSIS = YES;
				CLANG_WARN_STRICT_PROTOTYPES = YES;
				CLANG_WARN_SUSPICIOUS_MOVE = YES;
				CLANG_WARN_UNGUARDED_AVAILABILITY = YES_AGGRESSIVE;
				CLANG_WARN_UNREACHABLE_CODE = YES;
				CLANG_WARN__DUPLICATE_METHOD_MATCH = YES;
				COPY_PHASE_STRIP = NO;
				DEBUG_INFORMATION_FORMAT = "dwarf-with-dsym";
				ENABLE_NS_ASSERTIONS = NO;
				ENABLE_STRICT_OBJC_MSGSEND = YES;
				ENABLE_USER_SCRIPT_SANDBOXING = YES;
				GCC_C_LANGUAGE_STANDARD = gnu17;
				GCC_NO_COMMON_BLOCKS = YES;
				GCC_WARN_64_TO_32_BIT_CONVERSION = YES;
				GCC_WARN_ABOUT_RETURN_TYPE = YES_ERROR;
				GCC_WARN_UNDECLARED_SELECTOR = YES;
				GCC_WARN_UNINITIALIZED_AUTOS = YES_AGGRESSIVE;
				GCC_WARN_UNUSED_FUNCTION = YES;
				GCC_WARN_UNUSED_VARIABLE = YES;
				IPHONEOS_DEPLOYMENT_TARGET = 18.0;
				LOCALIZATION_PREFERS_STRING_CATALOGS = YES;
				MTL_ENABLE_DEBUG_INFO = NO;
				MTL_FAST_MATH = YES;
				SDKROOT = iphoneos;
				SWIFT_COMPILATION_MODE = wholemodule;
				VALIDATE_PRODUCT = YES;
			};
			name = Release;
		};
		2092F29F2CA5369C003DB9BD /* Debug */ = {
			isa = XCBuildConfiguration;
			buildSettings = {
				BUNDLE_LOADER = "$(TEST_HOST)";
				CODE_SIGN_STYLE = Automatic;
				CURRENT_PROJECT_VERSION = 1;
				DEVELOPMENT_TEAM = W2P9X4349P;
				GENERATE_INFOPLIST_FILE = YES;
				IPHONEOS_DEPLOYMENT_TARGET = 18.0;
				MARKETING_VERSION = 1.0;
				PRODUCT_BUNDLE_IDENTIFIER = "-.0.QuickTableReservation-FastTable-Tests";
				PRODUCT_NAME = "$(TARGET_NAME)";
				SUPPORTED_PLATFORMS = "iphoneos iphonesimulator";
				SUPPORTS_MACCATALYST = NO;
				SUPPORTS_MAC_DESIGNED_FOR_IPHONE_IPAD = NO;
				SUPPORTS_XR_DESIGNED_FOR_IPHONE_IPAD = NO;
				SWIFT_EMIT_LOC_STRINGS = NO;
				SWIFT_VERSION = 5.0;
				TARGETED_DEVICE_FAMILY = "1,2";
				TEST_HOST = "$(BUILT_PRODUCTS_DIR)/QuickTableReservation(FastTable).app/$(BUNDLE_EXECUTABLE_FOLDER_PATH)/QuickTableReservation(FastTable)";
			};
			name = Debug;
		};
		2092F2A02CA5369C003DB9BD /* Release */ = {
			isa = XCBuildConfiguration;
			buildSettings = {
				BUNDLE_LOADER = "$(TEST_HOST)";
				CODE_SIGN_STYLE = Automatic;
				CURRENT_PROJECT_VERSION = 1;
				DEVELOPMENT_TEAM = W2P9X4349P;
				GENERATE_INFOPLIST_FILE = YES;
				IPHONEOS_DEPLOYMENT_TARGET = 18.0;
				MARKETING_VERSION = 1.0;
				PRODUCT_BUNDLE_IDENTIFIER = "-.0.QuickTableReservation-FastTable-Tests";
				PRODUCT_NAME = "$(TARGET_NAME)";
				SUPPORTED_PLATFORMS = "iphoneos iphonesimulator";
				SUPPORTS_MACCATALYST = NO;
				SUPPORTS_MAC_DESIGNED_FOR_IPHONE_IPAD = NO;
				SUPPORTS_XR_DESIGNED_FOR_IPHONE_IPAD = NO;
				SWIFT_EMIT_LOC_STRINGS = NO;
				SWIFT_VERSION = 5.0;
				TARGETED_DEVICE_FAMILY = "1,2";
				TEST_HOST = "$(BUILT_PRODUCTS_DIR)/QuickTableReservation(FastTable).app/$(BUNDLE_EXECUTABLE_FOLDER_PATH)/QuickTableReservation(FastTable)";
			};
			name = Release;
		};
		2092F2A22CA5369C003DB9BD /* Debug */ = {
			isa = XCBuildConfiguration;
			buildSettings = {
				CODE_SIGN_STYLE = Automatic;
				CURRENT_PROJECT_VERSION = 1;
				DEVELOPMENT_TEAM = W2P9X4349P;
				GENERATE_INFOPLIST_FILE = YES;
				MARKETING_VERSION = 1.0;
				PRODUCT_BUNDLE_IDENTIFIER = "-.0.QuickTableReservation-FastTable-UITests";
				PRODUCT_NAME = "$(TARGET_NAME)";
				SUPPORTED_PLATFORMS = "iphoneos iphonesimulator";
				SUPPORTS_MACCATALYST = NO;
				SUPPORTS_MAC_DESIGNED_FOR_IPHONE_IPAD = NO;
				SUPPORTS_XR_DESIGNED_FOR_IPHONE_IPAD = NO;
				SWIFT_EMIT_LOC_STRINGS = NO;
				SWIFT_VERSION = 5.0;
				TARGETED_DEVICE_FAMILY = "1,2";
				TEST_TARGET_NAME = "QuickTableReservation(FastTable)";
			};
			name = Debug;
		};
		2092F2A32CA5369C003DB9BD /* Release */ = {
			isa = XCBuildConfiguration;
			buildSettings = {
				CODE_SIGN_STYLE = Automatic;
				CURRENT_PROJECT_VERSION = 1;
				DEVELOPMENT_TEAM = W2P9X4349P;
				GENERATE_INFOPLIST_FILE = YES;
				MARKETING_VERSION = 1.0;
				PRODUCT_BUNDLE_IDENTIFIER = "-.0.QuickTableReservation-FastTable-UITests";
				PRODUCT_NAME = "$(TARGET_NAME)";
				SUPPORTED_PLATFORMS = "iphoneos iphonesimulator";
				SUPPORTS_MACCATALYST = NO;
				SUPPORTS_MAC_DESIGNED_FOR_IPHONE_IPAD = NO;
				SUPPORTS_XR_DESIGNED_FOR_IPHONE_IPAD = NO;
				SWIFT_EMIT_LOC_STRINGS = NO;
				SWIFT_VERSION = 5.0;
				TARGETED_DEVICE_FAMILY = "1,2";
				TEST_TARGET_NAME = "QuickTableReservation(FastTable)";
			};
			name = Release;
		};
/* End XCBuildConfiguration section */

/* Begin XCConfigurationList section */
		2092F26B2CA5369A003DB9BD /* Build configuration list for PBXProject "QuickTableReservation(FastTable)" */ = {
			isa = XCConfigurationList;
			buildConfigurations = (
				2092F29C2CA5369C003DB9BD /* Debug */,
				2092F29D2CA5369C003DB9BD /* Release */,
			);
			defaultConfigurationIsVisible = 0;
			defaultConfigurationName = Release;
		};
		2092F2992CA5369C003DB9BD /* Build configuration list for PBXNativeTarget "QuickTableReservation(FastTable)" */ = {
			isa = XCConfigurationList;
			buildConfigurations = (
				2092F29A2CA5369C003DB9BD /* Debug */,
				2092F29B2CA5369C003DB9BD /* Release */,
			);
			defaultConfigurationIsVisible = 0;
			defaultConfigurationName = Release;
		};
		2092F29E2CA5369C003DB9BD /* Build configuration list for PBXNativeTarget "QuickTableReservation(FastTable)Tests" */ = {
			isa = XCConfigurationList;
			buildConfigurations = (
				2092F29F2CA5369C003DB9BD /* Debug */,
				2092F2A02CA5369C003DB9BD /* Release */,
			);
			defaultConfigurationIsVisible = 0;
			defaultConfigurationName = Release;
		};
		2092F2A12CA5369C003DB9BD /* Build configuration list for PBXNativeTarget "QuickTableReservation(FastTable)UITests" */ = {
			isa = XCConfigurationList;
			buildConfigurations = (
				2092F2A22CA5369C003DB9BD /* Debug */,
				2092F2A32CA5369C003DB9BD /* Release */,
			);
			defaultConfigurationIsVisible = 0;
			defaultConfigurationName = Release;
		};
/* End XCConfigurationList section */

/* Begin XCRemoteSwiftPackageReference section */
		2045C8502CB9B7990028E10C /* XCRemoteSwiftPackageReference "TGFlingActionButton" */ = {
			isa = XCRemoteSwiftPackageReference;
			repositoryURL = "https://github.com/TilakGondi/TGFlingActionButton.git";
			requirement = {
				branch = master;
				kind = branch;
			};
		};
		2045C8522CB9BA6C0028E10C /* XCRemoteSwiftPackageReference "NVActivityIndicatorView" */ = {
			isa = XCRemoteSwiftPackageReference;
			repositoryURL = "git@github.com:ninjaprox/NVActivityIndicatorView.git";
			requirement = {
				kind = upToNextMajorVersion;
				minimumVersion = 5.2.0;
			};
		};
/* End XCRemoteSwiftPackageReference section */
	};
	rootObject = 2092F2682CA5369A003DB9BD /* Project object */;
}
